// !$*UTF8*$!
{
	archiveVersion = 1;
	classes = {
	};
	objectVersion = 54;
	objects = {

/* Begin PBXBuildFile section */
		08A1B40BD987A8D1CA4C1A84 /* FavoritesService.swift in Sources */ = {isa = PBXBuildFile; fileRef = 2407E2D4E719FB0F9C107B08 /* FavoritesService.swift */; };
		0D16DC9D35B16856C2D3968E /* FavoritesViewController.swift in Sources */ = {isa = PBXBuildFile; fileRef = 64EAD4B3BE032173FF8A3584 /* FavoritesViewController.swift */; };
		0D6903B8E8F284AB7F77A7F4 /* DetailsViewController.swift in Sources */ = {isa = PBXBuildFile; fileRef = C259EAA4F1162B24AF69FFA4 /* DetailsViewController.swift */; };
		0E4F080D37E4B8B0F0AA6A62 /* Pods_cine_explorer.framework in Frameworks */ = {isa = PBXBuildFile; fileRef = 04D431A6D2A585F9F2227E0A /* Pods_cine_explorer.framework */; };
		18598A63A5E960E873FCECCE /* DetailsViewModel.swift in Sources */ = {isa = PBXBuildFile; fileRef = 24CEDF6C2E8B2566AE5A2190 /* DetailsViewModel.swift */; };
		24349C11C3EF156B7F1B706D /* FavoritesServiceMock.swift in Sources */ = {isa = PBXBuildFile; fileRef = AE7161F4C3913C8AD9FE5A9B /* FavoritesServiceMock.swift */; };
		265BA20F005A6152B4FED35B /* HomeViewModelMock.swift in Sources */ = {isa = PBXBuildFile; fileRef = B3D6DEB3D92FF41AF8C5DD7C /* HomeViewModelMock.swift */; };
		35EBBD4D0EEB964CCDF68DC6 /* Constants.swift in Sources */ = {isa = PBXBuildFile; fileRef = 2458A20317DBBD2E7844FA7D /* Constants.swift */; };
		3AACED8DDED6313BF08A8A81 /* HomeViewController.swift in Sources */ = {isa = PBXBuildFile; fileRef = CD807B4B6D945936FCA1A71F /* HomeViewController.swift */; };
		3BEC208834445F8F7347750C /* UIColor+Extensions.swift in Sources */ = {isa = PBXBuildFile; fileRef = E530420A85D259695A752F87 /* UIColor+Extensions.swift */; };
		455A8B685FC398A943C399A0 /* testHomeViewController.1.png in Resources */ = {isa = PBXBuildFile; fileRef = 63ADE685B5C6EAA7D27BE0E8 /* testHomeViewController.1.png */; };
		45EAED6472664EB2C54BC088 /* Pods_cine_explorer_tests.framework in Frameworks */ = {isa = PBXBuildFile; fileRef = E48B0413E88E0F8C3909F10B /* Pods_cine_explorer_tests.framework */; };
		49FA05EA3D5C9B4EA3582358 /* testFavoritesViewControllerSnapshot.1.png in Resources */ = {isa = PBXBuildFile; fileRef = 6811D263EBB904950102C16D /* testFavoritesViewControllerSnapshot.1.png */; };
		4AD501A5A5B0888DD2B0E909 /* FavoritesViewModelTests.swift in Sources */ = {isa = PBXBuildFile; fileRef = 1CD445BB3CCE7A913EFBA3EC /* FavoritesViewModelTests.swift */; };
		4B567BB0AC8B8F970083240E /* MediaService.swift in Sources */ = {isa = PBXBuildFile; fileRef = 51BE7E8CF5D4B740B9B89AEF /* MediaService.swift */; };
		4CBED89FB5773CCFBD866D76 /* RelatedFilmsView.swift in Sources */ = {isa = PBXBuildFile; fileRef = 4DD83B0B728A8A621CAD93B9 /* RelatedFilmsView.swift */; };
		5027974795378A838921BACA /* HomeViewModel.swift in Sources */ = {isa = PBXBuildFile; fileRef = C61B543B5A0FA8DDC36FAABE /* HomeViewModel.swift */; };
		5D743CBF8BEF08C3DFC2D348 /* HomeViewModelTests.swift in Sources */ = {isa = PBXBuildFile; fileRef = B0A3480CC80EBBB2BB39DC15 /* HomeViewModelTests.swift */; };
		6054B9A95F24A4676D609071 /* TrailerManager.swift in Sources */ = {isa = PBXBuildFile; fileRef = 9D87426397CA8D14570D68D1 /* TrailerManager.swift */; };
		60F5A4B6E27C58A198464A3A /* MediaServiceMock.swift in Sources */ = {isa = PBXBuildFile; fileRef = DF6A5B4BEDA3F0C5B1682F24 /* MediaServiceMock.swift */; };
		661C70DE0A95F56ADA6B221F /* testDetailViewController_snapshot.1.png in Resources */ = {isa = PBXBuildFile; fileRef = 51D3CB53EAC34006DA475E39 /* testDetailViewController_snapshot.1.png */; };
		6C0ED258B34FE906E4E0688F /* icons.xcassets in Resources */ = {isa = PBXBuildFile; fileRef = 4FB22040E0AC96EFB031FD1D /* icons.xcassets */; };
		6CB7949B0F8CE0592F0AF696 /* DetailsInfoView.swift in Sources */ = {isa = PBXBuildFile; fileRef = ADAADBF618FA84C0B2315697 /* DetailsInfoView.swift */; };
		7B3EDB067C8402FB517FDB78 /* ilustrations.xcassets in Resources */ = {isa = PBXBuildFile; fileRef = 731BFBF35B271C1538CF0F3D /* ilustrations.xcassets */; };
		7B58378A1993713FA82DABE3 /* DetailViewControllerSnapshotTests.swift in Sources */ = {isa = PBXBuildFile; fileRef = 11CF4CFD502058D05F8F38C7 /* DetailViewControllerSnapshotTests.swift */; };
		8DF911CA809827848211347C /* FavoritesViewModel.swift in Sources */ = {isa = PBXBuildFile; fileRef = 6BD76C7CA1C7025FB4C9768D /* FavoritesViewModel.swift */; };
		983DFB62C68741AB5047F050 /* HeaderView.swift in Sources */ = {isa = PBXBuildFile; fileRef = C9D16638FEA4103ED4D78F2D /* HeaderView.swift */; };
		A5CDD1B2FA835F43DBAFA341 /* LaunchScreen.storyboard in Resources */ = {isa = PBXBuildFile; fileRef = 9EE6EF93C847E246623AFB34 /* LaunchScreen.storyboard */; };
		A5D4FE71A536A4A90B36A29B /* FilmServiceError.swift in Sources */ = {isa = PBXBuildFile; fileRef = 9F5C10B9755F7F26A1C51416 /* FilmServiceError.swift */; };
		AD30A03E77C48A4F07746288 /* mock_media_response.json in Resources */ = {isa = PBXBuildFile; fileRef = C3FCF4AEA559684088B8584A /* mock_media_response.json */; };
		AF4CD5DDF78452EA1F0EFE79 /* Models.swift in Sources */ = {isa = PBXBuildFile; fileRef = A05F8DA10E3F5303614968F1 /* Models.swift */; };
		B0410BB7D9ABCA0A3521A93D /* UIImage+Extensions.swift in Sources */ = {isa = PBXBuildFile; fileRef = 7F2536F894EC7A1609BABC7F /* UIImage+Extensions.swift */; };
		BF50C58F5F2E241149C7A9ED /* HomeViewControllerSnapshotTests.swift in Sources */ = {isa = PBXBuildFile; fileRef = 6B7D4811F115A2D04FC35D03 /* HomeViewControllerSnapshotTests.swift */; };
		C2D779B79F674F20FBFE41B7 /* FavoritesViewControllerSnapshotTests.swift in Sources */ = {isa = PBXBuildFile; fileRef = A7BA8C17C8227D260D7DE7D7 /* FavoritesViewControllerSnapshotTests.swift */; };
		CE88330718F70E4126C380E2 /* SkeletonFilmCell.swift in Sources */ = {isa = PBXBuildFile; fileRef = D3F822B00B103440EAD06697 /* SkeletonFilmCell.swift */; };
		DCD00AC4FB9E28526EC7780D /* FilmCell.swift in Sources */ = {isa = PBXBuildFile; fileRef = 0D208A28441ED84EDDB7E702 /* FilmCell.swift */; };
		DE6B94CC23C8AE592F4F8AF0 /* testFavoritesViewController.1.png in Resources */ = {isa = PBXBuildFile; fileRef = D516E12284EC2B6AAB13222B /* testFavoritesViewController.1.png */; };
		E23D3A007BED0E47B6449ACE /* TrailerViewController.swift in Sources */ = {isa = PBXBuildFile; fileRef = 17F470A32B31921EA627E665 /* TrailerViewController.swift */; };
		EC6CAF105DDD8516D7C7FAB7 /* Coordinator.swift in Sources */ = {isa = PBXBuildFile; fileRef = 406124BE9F5A4556D49F7499 /* Coordinator.swift */; };
		F0377615D93BEF4BDF232F50 /* FavoritesModel.swift in Sources */ = {isa = PBXBuildFile; fileRef = D687A970D5BBFE6A77D370C8 /* FavoritesModel.swift */; };
		F22BA16AE6F7B3334A157801 /* CoordinatorMock.swift in Sources */ = {isa = PBXBuildFile; fileRef = 969892C218DA4887FE60BB1F /* CoordinatorMock.swift */; };
		FA6BE86D6DAC134694F09521 /* AppDelegate.swift in Sources */ = {isa = PBXBuildFile; fileRef = B13DBA780733510AAE5D9BA8 /* AppDelegate.swift */; };
		FE22522554A39C552A331BAB /* DetailsViewModelTests.swift in Sources */ = {isa = PBXBuildFile; fileRef = 191076C32AFEB3F91108EDCF /* DetailsViewModelTests.swift */; };
/* End PBXBuildFile section */

/* Begin PBXContainerItemProxy section */
		D90DBC430653FE68F805A7A0 /* PBXContainerItemProxy */ = {
			isa = PBXContainerItemProxy;
			containerPortal = 4CCABAC64DCDE0CBC15215D2 /* Project object */;
			proxyType = 1;
			remoteGlobalIDString = 5E28C2CF9BEB97D6510EF4E0;
			remoteInfo = "cine-explorer";
		};
/* End PBXContainerItemProxy section */

/* Begin PBXFileReference section */
		019A8560EA3F30E111C467CB /* Pods-cine-explorer-tests.release.xcconfig */ = {isa = PBXFileReference; includeInIndex = 1; lastKnownFileType = text.xcconfig; name = "Pods-cine-explorer-tests.release.xcconfig"; path = "Target Support Files/Pods-cine-explorer-tests/Pods-cine-explorer-tests.release.xcconfig"; sourceTree = "<group>"; };
		04D431A6D2A585F9F2227E0A /* Pods_cine_explorer.framework */ = {isa = PBXFileReference; explicitFileType = wrapper.framework; includeInIndex = 0; path = Pods_cine_explorer.framework; sourceTree = BUILT_PRODUCTS_DIR; };
		0D208A28441ED84EDDB7E702 /* FilmCell.swift */ = {isa = PBXFileReference; lastKnownFileType = sourcecode.swift; path = FilmCell.swift; sourceTree = "<group>"; };
		11CF4CFD502058D05F8F38C7 /* DetailViewControllerSnapshotTests.swift */ = {isa = PBXFileReference; lastKnownFileType = sourcecode.swift; path = DetailViewControllerSnapshotTests.swift; sourceTree = "<group>"; };
		17F470A32B31921EA627E665 /* TrailerViewController.swift */ = {isa = PBXFileReference; lastKnownFileType = sourcecode.swift; path = TrailerViewController.swift; sourceTree = "<group>"; };
		191076C32AFEB3F91108EDCF /* DetailsViewModelTests.swift */ = {isa = PBXFileReference; lastKnownFileType = sourcecode.swift; path = DetailsViewModelTests.swift; sourceTree = "<group>"; };
		1CD445BB3CCE7A913EFBA3EC /* FavoritesViewModelTests.swift */ = {isa = PBXFileReference; lastKnownFileType = sourcecode.swift; path = FavoritesViewModelTests.swift; sourceTree = "<group>"; };
		2407E2D4E719FB0F9C107B08 /* FavoritesService.swift */ = {isa = PBXFileReference; lastKnownFileType = sourcecode.swift; path = FavoritesService.swift; sourceTree = "<group>"; };
		2458A20317DBBD2E7844FA7D /* Constants.swift */ = {isa = PBXFileReference; lastKnownFileType = sourcecode.swift; path = Constants.swift; sourceTree = "<group>"; };
		24CEDF6C2E8B2566AE5A2190 /* DetailsViewModel.swift */ = {isa = PBXFileReference; lastKnownFileType = sourcecode.swift; path = DetailsViewModel.swift; sourceTree = "<group>"; };
		406124BE9F5A4556D49F7499 /* Coordinator.swift */ = {isa = PBXFileReference; lastKnownFileType = sourcecode.swift; path = Coordinator.swift; sourceTree = "<group>"; };
		478547C465841DD6D0888772 /* Pods-cine-explorer-tests.debug.xcconfig */ = {isa = PBXFileReference; includeInIndex = 1; lastKnownFileType = text.xcconfig; name = "Pods-cine-explorer-tests.debug.xcconfig"; path = "Target Support Files/Pods-cine-explorer-tests/Pods-cine-explorer-tests.debug.xcconfig"; sourceTree = "<group>"; };
		4DD83B0B728A8A621CAD93B9 /* RelatedFilmsView.swift */ = {isa = PBXFileReference; lastKnownFileType = sourcecode.swift; path = RelatedFilmsView.swift; sourceTree = "<group>"; };
		4FB22040E0AC96EFB031FD1D /* icons.xcassets */ = {isa = PBXFileReference; lastKnownFileType = folder.assetcatalog; path = icons.xcassets; sourceTree = "<group>"; };
		51BE7E8CF5D4B740B9B89AEF /* MediaService.swift */ = {isa = PBXFileReference; lastKnownFileType = sourcecode.swift; path = MediaService.swift; sourceTree = "<group>"; };
		51D3CB53EAC34006DA475E39 /* testDetailViewController_snapshot.1.png */ = {isa = PBXFileReference; lastKnownFileType = image.png; path = testDetailViewController_snapshot.1.png; sourceTree = "<group>"; };
		63ADE685B5C6EAA7D27BE0E8 /* testHomeViewController.1.png */ = {isa = PBXFileReference; lastKnownFileType = image.png; path = testHomeViewController.1.png; sourceTree = "<group>"; };
		64EAD4B3BE032173FF8A3584 /* FavoritesViewController.swift */ = {isa = PBXFileReference; lastKnownFileType = sourcecode.swift; path = FavoritesViewController.swift; sourceTree = "<group>"; };
		6811D263EBB904950102C16D /* testFavoritesViewControllerSnapshot.1.png */ = {isa = PBXFileReference; lastKnownFileType = image.png; path = testFavoritesViewControllerSnapshot.1.png; sourceTree = "<group>"; };
		6B7D4811F115A2D04FC35D03 /* HomeViewControllerSnapshotTests.swift */ = {isa = PBXFileReference; lastKnownFileType = sourcecode.swift; path = HomeViewControllerSnapshotTests.swift; sourceTree = "<group>"; };
		6BD76C7CA1C7025FB4C9768D /* FavoritesViewModel.swift */ = {isa = PBXFileReference; lastKnownFileType = sourcecode.swift; path = FavoritesViewModel.swift; sourceTree = "<group>"; };
		731BFBF35B271C1538CF0F3D /* ilustrations.xcassets */ = {isa = PBXFileReference; lastKnownFileType = folder.assetcatalog; path = ilustrations.xcassets; sourceTree = "<group>"; };
		7F2536F894EC7A1609BABC7F /* UIImage+Extensions.swift */ = {isa = PBXFileReference; lastKnownFileType = sourcecode.swift; path = "UIImage+Extensions.swift"; sourceTree = "<group>"; };
		8DD95982A4777041E6E5947C /* cine-explorer.app */ = {isa = PBXFileReference; includeInIndex = 0; lastKnownFileType = wrapper.application; path = "cine-explorer.app"; sourceTree = BUILT_PRODUCTS_DIR; };
		969892C218DA4887FE60BB1F /* CoordinatorMock.swift */ = {isa = PBXFileReference; lastKnownFileType = sourcecode.swift; path = CoordinatorMock.swift; sourceTree = "<group>"; };
		9D87426397CA8D14570D68D1 /* TrailerManager.swift */ = {isa = PBXFileReference; lastKnownFileType = sourcecode.swift; path = TrailerManager.swift; sourceTree = "<group>"; };
		9EE6EF93C847E246623AFB34 /* LaunchScreen.storyboard */ = {isa = PBXFileReference; lastKnownFileType = file.storyboard; path = LaunchScreen.storyboard; sourceTree = "<group>"; };
		9F5C10B9755F7F26A1C51416 /* FilmServiceError.swift */ = {isa = PBXFileReference; lastKnownFileType = sourcecode.swift; path = FilmServiceError.swift; sourceTree = "<group>"; };
		A05F8DA10E3F5303614968F1 /* Models.swift */ = {isa = PBXFileReference; lastKnownFileType = sourcecode.swift; path = Models.swift; sourceTree = "<group>"; };
		A7BA8C17C8227D260D7DE7D7 /* FavoritesViewControllerSnapshotTests.swift */ = {isa = PBXFileReference; lastKnownFileType = sourcecode.swift; path = FavoritesViewControllerSnapshotTests.swift; sourceTree = "<group>"; };
		A8ADAEBD8B0F12A4777BDDB8 /* Info.plist */ = {isa = PBXFileReference; lastKnownFileType = text.plist; path = Info.plist; sourceTree = "<group>"; };
		ADAADBF618FA84C0B2315697 /* DetailsInfoView.swift */ = {isa = PBXFileReference; lastKnownFileType = sourcecode.swift; path = DetailsInfoView.swift; sourceTree = "<group>"; };
		AE7161F4C3913C8AD9FE5A9B /* FavoritesServiceMock.swift */ = {isa = PBXFileReference; lastKnownFileType = sourcecode.swift; path = FavoritesServiceMock.swift; sourceTree = "<group>"; };
		B0A3480CC80EBBB2BB39DC15 /* HomeViewModelTests.swift */ = {isa = PBXFileReference; lastKnownFileType = sourcecode.swift; path = HomeViewModelTests.swift; sourceTree = "<group>"; };
		B13DBA780733510AAE5D9BA8 /* AppDelegate.swift */ = {isa = PBXFileReference; lastKnownFileType = sourcecode.swift; path = AppDelegate.swift; sourceTree = "<group>"; };
		B3D6DEB3D92FF41AF8C5DD7C /* HomeViewModelMock.swift */ = {isa = PBXFileReference; lastKnownFileType = sourcecode.swift; path = HomeViewModelMock.swift; sourceTree = "<group>"; };
		B77ABB0A0030AC6BE56C4F60 /* Info.plist */ = {isa = PBXFileReference; lastKnownFileType = text.plist; path = Info.plist; sourceTree = "<group>"; };
		C1A7225855C01EF93025A49B /* Pods-cine-explorer.debug.xcconfig */ = {isa = PBXFileReference; includeInIndex = 1; lastKnownFileType = text.xcconfig; name = "Pods-cine-explorer.debug.xcconfig"; path = "Target Support Files/Pods-cine-explorer/Pods-cine-explorer.debug.xcconfig"; sourceTree = "<group>"; };
		C259EAA4F1162B24AF69FFA4 /* DetailsViewController.swift */ = {isa = PBXFileReference; lastKnownFileType = sourcecode.swift; path = DetailsViewController.swift; sourceTree = "<group>"; };
		C3FCF4AEA559684088B8584A /* mock_media_response.json */ = {isa = PBXFileReference; lastKnownFileType = text.json; path = mock_media_response.json; sourceTree = "<group>"; };
		C61B543B5A0FA8DDC36FAABE /* HomeViewModel.swift */ = {isa = PBXFileReference; lastKnownFileType = sourcecode.swift; path = HomeViewModel.swift; sourceTree = "<group>"; };
		C9D16638FEA4103ED4D78F2D /* HeaderView.swift */ = {isa = PBXFileReference; lastKnownFileType = sourcecode.swift; path = HeaderView.swift; sourceTree = "<group>"; };
		CD807B4B6D945936FCA1A71F /* HomeViewController.swift */ = {isa = PBXFileReference; lastKnownFileType = sourcecode.swift; path = HomeViewController.swift; sourceTree = "<group>"; };
		CF958B4066577141B071CDBF /* cine-explorer-tests.xctest */ = {isa = PBXFileReference; includeInIndex = 0; lastKnownFileType = wrapper.cfbundle; path = "cine-explorer-tests.xctest"; sourceTree = BUILT_PRODUCTS_DIR; };
		D03B905A9438E5471D03173C /* Pods-cine-explorer.release.xcconfig */ = {isa = PBXFileReference; includeInIndex = 1; lastKnownFileType = text.xcconfig; name = "Pods-cine-explorer.release.xcconfig"; path = "Target Support Files/Pods-cine-explorer/Pods-cine-explorer.release.xcconfig"; sourceTree = "<group>"; };
		D3F822B00B103440EAD06697 /* SkeletonFilmCell.swift */ = {isa = PBXFileReference; lastKnownFileType = sourcecode.swift; path = SkeletonFilmCell.swift; sourceTree = "<group>"; };
		D516E12284EC2B6AAB13222B /* testFavoritesViewController.1.png */ = {isa = PBXFileReference; lastKnownFileType = image.png; path = testFavoritesViewController.1.png; sourceTree = "<group>"; };
		D687A970D5BBFE6A77D370C8 /* FavoritesModel.swift */ = {isa = PBXFileReference; lastKnownFileType = sourcecode.swift; path = FavoritesModel.swift; sourceTree = "<group>"; };
		DF6A5B4BEDA3F0C5B1682F24 /* MediaServiceMock.swift */ = {isa = PBXFileReference; lastKnownFileType = sourcecode.swift; path = MediaServiceMock.swift; sourceTree = "<group>"; };
		E48B0413E88E0F8C3909F10B /* Pods_cine_explorer_tests.framework */ = {isa = PBXFileReference; explicitFileType = wrapper.framework; includeInIndex = 0; path = Pods_cine_explorer_tests.framework; sourceTree = BUILT_PRODUCTS_DIR; };
		E530420A85D259695A752F87 /* UIColor+Extensions.swift */ = {isa = PBXFileReference; lastKnownFileType = sourcecode.swift; path = "UIColor+Extensions.swift"; sourceTree = "<group>"; };
/* End PBXFileReference section */

/* Begin PBXFrameworksBuildPhase section */
		1288BA90F2EF79D207C6BD61 /* Frameworks */ = {
			isa = PBXFrameworksBuildPhase;
			buildActionMask = 2147483647;
			files = (
				45EAED6472664EB2C54BC088 /* Pods_cine_explorer_tests.framework in Frameworks */,
			);
			runOnlyForDeploymentPostprocessing = 0;
		};
		8321D93B71F014E9CA9ED958 /* Frameworks */ = {
			isa = PBXFrameworksBuildPhase;
			buildActionMask = 2147483647;
			files = (
				0E4F080D37E4B8B0F0AA6A62 /* Pods_cine_explorer.framework in Frameworks */,
			);
			runOnlyForDeploymentPostprocessing = 0;
		};
/* End PBXFrameworksBuildPhase section */

/* Begin PBXGroup section */
		11B7BA9A4FCD13EECE8D7B85 /* Favorites */ = {
			isa = PBXGroup;
			children = (
				A7BA8C17C8227D260D7DE7D7 /* FavoritesViewControllerSnapshotTests.swift */,
				1CD445BB3CCE7A913EFBA3EC /* FavoritesViewModelTests.swift */,
				77C151394E5794A67D9ED329 /* __Snapshots__ */,
			);
			path = Favorites;
			sourceTree = "<group>";
		};
		14261E92675C1AEEE4E479B4 /* HomeViewControllerSnapshotTests */ = {
			isa = PBXGroup;
			children = (
				63ADE685B5C6EAA7D27BE0E8 /* testHomeViewController.1.png */,
			);
			path = HomeViewControllerSnapshotTests;
			sourceTree = "<group>";
		};
		1446653D2AB5039387A10FD5 /* Utils */ = {
			isa = PBXGroup;
			children = (
				B13DBA780733510AAE5D9BA8 /* AppDelegate.swift */,
				2458A20317DBBD2E7844FA7D /* Constants.swift */,
				E530420A85D259695A752F87 /* UIColor+Extensions.swift */,
				7F2536F894EC7A1609BABC7F /* UIImage+Extensions.swift */,
				2160ADB09108A4B266A79B66 /* TrailerManager */,
			);
			path = Utils;
			sourceTree = "<group>";
		};
		1F268EE045C820A452028F76 /* Home */ = {
			isa = PBXGroup;
			children = (
				6B7D4811F115A2D04FC35D03 /* HomeViewControllerSnapshotTests.swift */,
				B0A3480CC80EBBB2BB39DC15 /* HomeViewModelTests.swift */,
				418FFC933617B5F7C6A581B6 /* __Snapshots__ */,
			);
			path = Home;
			sourceTree = "<group>";
		};
		2160ADB09108A4B266A79B66 /* TrailerManager */ = {
			isa = PBXGroup;
			children = (
				9D87426397CA8D14570D68D1 /* TrailerManager.swift */,
				17F470A32B31921EA627E665 /* TrailerViewController.swift */,
			);
			path = TrailerManager;
			sourceTree = "<group>";
		};
		2424E6C383CAAA1AC03A277A /* Views */ = {
			isa = PBXGroup;
			children = (
				0D208A28441ED84EDDB7E702 /* FilmCell.swift */,
				C9D16638FEA4103ED4D78F2D /* HeaderView.swift */,
				D3F822B00B103440EAD06697 /* SkeletonFilmCell.swift */,
			);
			path = Views;
			sourceTree = "<group>";
		};
		418FFC933617B5F7C6A581B6 /* __Snapshots__ */ = {
			isa = PBXGroup;
			children = (
				14261E92675C1AEEE4E479B4 /* HomeViewControllerSnapshotTests */,
			);
			path = __Snapshots__;
			sourceTree = "<group>";
		};
		56C99F51C1FE4A11DB92B0D1 = {
			isa = PBXGroup;
			children = (
				62343C68A696FAA401B9A16A /* Sources */,
				FC6D78D615265B462D5A6E9D /* Products */,
				FEC1F1CD57E4FC50F176BB93 /* Pods */,
				C449C8BD0D4B0F4E04A79E76 /* Frameworks */,
			);
			sourceTree = "<group>";
		};
		5E3C0D1BE0EA7CAD72D9C11C /* Scenes */ = {
			isa = PBXGroup;
			children = (
				978B39A881310A28A6F761F6 /* Details */,
				11B7BA9A4FCD13EECE8D7B85 /* Favorites */,
				1F268EE045C820A452028F76 /* Home */,
				D0CF7B9EFB748774287BDABB /* Mocks */,
			);
			path = Scenes;
			sourceTree = "<group>";
		};
		62343C68A696FAA401B9A16A /* Sources */ = {
			isa = PBXGroup;
			children = (
				E92577D7A70BE8B1AAFF86FF /* cine-explorer */,
				C1FD2B58951CA95A9A8D05F8 /* cine-explorer-tests */,
			);
			path = Sources;
			sourceTree = "<group>";
		};
		77C151394E5794A67D9ED329 /* __Snapshots__ */ = {
			isa = PBXGroup;
			children = (
				E134CE0AF4530A26EEC8BEEF /* FavoritesViewControllerSnapshotTests */,
			);
			path = __Snapshots__;
			sourceTree = "<group>";
		};
		978B39A881310A28A6F761F6 /* Details */ = {
			isa = PBXGroup;
			children = (
				191076C32AFEB3F91108EDCF /* DetailsViewModelTests.swift */,
				11CF4CFD502058D05F8F38C7 /* DetailViewControllerSnapshotTests.swift */,
				F91D7224C08F1F413305E78C /* __Snapshots__ */,
			);
			path = Details;
			sourceTree = "<group>";
		};
		AE8DEE9D859C29FA8AC1725F /* Home */ = {
			isa = PBXGroup;
			children = (
				CD807B4B6D945936FCA1A71F /* HomeViewController.swift */,
				C61B543B5A0FA8DDC36FAABE /* HomeViewModel.swift */,
				2424E6C383CAAA1AC03A277A /* Views */,
			);
			path = Home;
			sourceTree = "<group>";
		};
		BF1953B273F643302FE5E2FC /* Details */ = {
			isa = PBXGroup;
			children = (
				C259EAA4F1162B24AF69FFA4 /* DetailsViewController.swift */,
				24CEDF6C2E8B2566AE5A2190 /* DetailsViewModel.swift */,
				DA3C96BB7A69B110D4F6A397 /* View */,
			);
			path = Details;
			sourceTree = "<group>";
		};
		C1FD2B58951CA95A9A8D05F8 /* cine-explorer-tests */ = {
			isa = PBXGroup;
			children = (
				B77ABB0A0030AC6BE56C4F60 /* Info.plist */,
				5E3C0D1BE0EA7CAD72D9C11C /* Scenes */,
			);
			path = "cine-explorer-tests";
			sourceTree = "<group>";
		};
		C449C8BD0D4B0F4E04A79E76 /* Frameworks */ = {
			isa = PBXGroup;
			children = (
				04D431A6D2A585F9F2227E0A /* Pods_cine_explorer.framework */,
				E48B0413E88E0F8C3909F10B /* Pods_cine_explorer_tests.framework */,
			);
			name = Frameworks;
			sourceTree = "<group>";
		};
		C7F281C35F9D16CF6EE663DC /* Scenes */ = {
			isa = PBXGroup;
			children = (
				BF1953B273F643302FE5E2FC /* Details */,
				EE1B1697076DFCA237B8738A /* Favorites */,
				AE8DEE9D859C29FA8AC1725F /* Home */,
				D613D61BB6547B8D8386ACDB /* Models */,
			);
			path = Scenes;
			sourceTree = "<group>";
		};
		D0CF7B9EFB748774287BDABB /* Mocks */ = {
			isa = PBXGroup;
			children = (
				969892C218DA4887FE60BB1F /* CoordinatorMock.swift */,
				AE7161F4C3913C8AD9FE5A9B /* FavoritesServiceMock.swift */,
				B3D6DEB3D92FF41AF8C5DD7C /* HomeViewModelMock.swift */,
				DF6A5B4BEDA3F0C5B1682F24 /* MediaServiceMock.swift */,
				C3FCF4AEA559684088B8584A /* mock_media_response.json */,
			);
			path = Mocks;
			sourceTree = "<group>";
		};
		D613D61BB6547B8D8386ACDB /* Models */ = {
			isa = PBXGroup;
			children = (
				D687A970D5BBFE6A77D370C8 /* FavoritesModel.swift */,
				9F5C10B9755F7F26A1C51416 /* FilmServiceError.swift */,
				A05F8DA10E3F5303614968F1 /* Models.swift */,
			);
			path = Models;
			sourceTree = "<group>";
		};
		D9A1008A4C59ED884F257CED /* Resources */ = {
			isa = PBXGroup;
			children = (
				4FB22040E0AC96EFB031FD1D /* icons.xcassets */,
				731BFBF35B271C1538CF0F3D /* ilustrations.xcassets */,
				9EE6EF93C847E246623AFB34 /* LaunchScreen.storyboard */,
			);
			path = Resources;
			sourceTree = "<group>";
		};
		DA3C96BB7A69B110D4F6A397 /* View */ = {
			isa = PBXGroup;
			children = (
				ADAADBF618FA84C0B2315697 /* DetailsInfoView.swift */,
				4DD83B0B728A8A621CAD93B9 /* RelatedFilmsView.swift */,
			);
			path = View;
			sourceTree = "<group>";
		};
		E134CE0AF4530A26EEC8BEEF /* FavoritesViewControllerSnapshotTests */ = {
			isa = PBXGroup;
			children = (
				D516E12284EC2B6AAB13222B /* testFavoritesViewController.1.png */,
				6811D263EBB904950102C16D /* testFavoritesViewControllerSnapshot.1.png */,
			);
			path = FavoritesViewControllerSnapshotTests;
			sourceTree = "<group>";
		};
		E60E01F607BBDA42B3BC07FC /* Services */ = {
			isa = PBXGroup;
			children = (
				2407E2D4E719FB0F9C107B08 /* FavoritesService.swift */,
				51BE7E8CF5D4B740B9B89AEF /* MediaService.swift */,
			);
			path = Services;
			sourceTree = "<group>";
		};
		E92577D7A70BE8B1AAFF86FF /* cine-explorer */ = {
			isa = PBXGroup;
			children = (
				406124BE9F5A4556D49F7499 /* Coordinator.swift */,
				A8ADAEBD8B0F12A4777BDDB8 /* Info.plist */,
				D9A1008A4C59ED884F257CED /* Resources */,
				C7F281C35F9D16CF6EE663DC /* Scenes */,
				E60E01F607BBDA42B3BC07FC /* Services */,
				1446653D2AB5039387A10FD5 /* Utils */,
			);
			path = "cine-explorer";
			sourceTree = "<group>";
		};
		EE1B1697076DFCA237B8738A /* Favorites */ = {
			isa = PBXGroup;
			children = (
				64EAD4B3BE032173FF8A3584 /* FavoritesViewController.swift */,
				6BD76C7CA1C7025FB4C9768D /* FavoritesViewModel.swift */,
			);
			path = Favorites;
			sourceTree = "<group>";
		};
		F91D7224C08F1F413305E78C /* __Snapshots__ */ = {
			isa = PBXGroup;
			children = (
				FA7FB51601FFAE100CCBA7A6 /* DetailViewControllerSnapshotTests */,
			);
			path = __Snapshots__;
			sourceTree = "<group>";
		};
		FA7FB51601FFAE100CCBA7A6 /* DetailViewControllerSnapshotTests */ = {
			isa = PBXGroup;
			children = (
				51D3CB53EAC34006DA475E39 /* testDetailViewController_snapshot.1.png */,
			);
			path = DetailViewControllerSnapshotTests;
			sourceTree = "<group>";
		};
		FC6D78D615265B462D5A6E9D /* Products */ = {
			isa = PBXGroup;
			children = (
				CF958B4066577141B071CDBF /* cine-explorer-tests.xctest */,
				8DD95982A4777041E6E5947C /* cine-explorer.app */,
			);
			name = Products;
			sourceTree = "<group>";
		};
		FEC1F1CD57E4FC50F176BB93 /* Pods */ = {
			isa = PBXGroup;
			children = (
				C1A7225855C01EF93025A49B /* Pods-cine-explorer.debug.xcconfig */,
				D03B905A9438E5471D03173C /* Pods-cine-explorer.release.xcconfig */,
				478547C465841DD6D0888772 /* Pods-cine-explorer-tests.debug.xcconfig */,
				019A8560EA3F30E111C467CB /* Pods-cine-explorer-tests.release.xcconfig */,
			);
			name = Pods;
			path = Pods;
			sourceTree = "<group>";
		};
/* End PBXGroup section */

/* Begin PBXNativeTarget section */
		5E28C2CF9BEB97D6510EF4E0 /* cine-explorer */ = {
			isa = PBXNativeTarget;
			buildConfigurationList = E4F9D06173ED89B0B6DE2F17 /* Build configuration list for PBXNativeTarget "cine-explorer" */;
			buildPhases = (
				3ACB4BB89EA624BDEFF40D23 /* [CP] Check Pods Manifest.lock */,
				6F88DE89FAB5486BB8057E6B /* Sources */,
				DCE856616F14DBA18B599364 /* Resources */,
				8321D93B71F014E9CA9ED958 /* Frameworks */,
				70ED4B9AA0F1AC4BBCDBE1A7 /* [CP] Embed Pods Frameworks */,
			);
			buildRules = (
			);
			dependencies = (
			);
			name = "cine-explorer";
			productName = "cine-explorer";
			productReference = 8DD95982A4777041E6E5947C /* cine-explorer.app */;
			productType = "com.apple.product-type.application";
		};
		A27A54791AA9B195B9C9083B /* cine-explorer-tests */ = {
			isa = PBXNativeTarget;
			buildConfigurationList = 1A398290418901848BD413C1 /* Build configuration list for PBXNativeTarget "cine-explorer-tests" */;
			buildPhases = (
				887910183FA256EB32EDF3E2 /* [CP] Check Pods Manifest.lock */,
				DB24F77B687741361D6E2787 /* Sources */,
				E696FA67BF57A716C6940A83 /* Resources */,
				1288BA90F2EF79D207C6BD61 /* Frameworks */,
				033D12D754110455ABDD5F9B /* [CP] Embed Pods Frameworks */,
			);
			buildRules = (
			);
			dependencies = (
				B836DAC8DB56142929E3AE8D /* PBXTargetDependency */,
			);
			name = "cine-explorer-tests";
			productName = "cine-explorer-tests";
			productReference = CF958B4066577141B071CDBF /* cine-explorer-tests.xctest */;
			productType = "com.apple.product-type.bundle.unit-test";
		};
/* End PBXNativeTarget section */

/* Begin PBXProject section */
		4CCABAC64DCDE0CBC15215D2 /* Project object */ = {
			isa = PBXProject;
			attributes = {
				BuildIndependentTargetsInParallel = YES;
				LastUpgradeCheck = 1430;
				TargetAttributes = {
				};
			};
			buildConfigurationList = AB6991CC68F4086163E12AFC /* Build configuration list for PBXProject "cine-explorer" */;
			compatibilityVersion = "Xcode 14.0";
			developmentRegion = en;
			hasScannedForEncodings = 0;
			knownRegions = (
				Base,
				en,
			);
			mainGroup = 56C99F51C1FE4A11DB92B0D1;
			productRefGroup = FC6D78D615265B462D5A6E9D /* Products */;
			projectDirPath = "";
			projectRoot = "";
			targets = (
				5E28C2CF9BEB97D6510EF4E0 /* cine-explorer */,
				A27A54791AA9B195B9C9083B /* cine-explorer-tests */,
			);
		};
/* End PBXProject section */

/* Begin PBXResourcesBuildPhase section */
		DCE856616F14DBA18B599364 /* Resources */ = {
			isa = PBXResourcesBuildPhase;
			buildActionMask = 2147483647;
			files = (
				A5CDD1B2FA835F43DBAFA341 /* LaunchScreen.storyboard in Resources */,
				6C0ED258B34FE906E4E0688F /* icons.xcassets in Resources */,
				7B3EDB067C8402FB517FDB78 /* ilustrations.xcassets in Resources */,
			);
			runOnlyForDeploymentPostprocessing = 0;
		};
		E696FA67BF57A716C6940A83 /* Resources */ = {
			isa = PBXResourcesBuildPhase;
			buildActionMask = 2147483647;
			files = (
				AD30A03E77C48A4F07746288 /* mock_media_response.json in Resources */,
				661C70DE0A95F56ADA6B221F /* testDetailViewController_snapshot.1.png in Resources */,
				DE6B94CC23C8AE592F4F8AF0 /* testFavoritesViewController.1.png in Resources */,
				49FA05EA3D5C9B4EA3582358 /* testFavoritesViewControllerSnapshot.1.png in Resources */,
				455A8B685FC398A943C399A0 /* testHomeViewController.1.png in Resources */,
			);
			runOnlyForDeploymentPostprocessing = 0;
		};
/* End PBXResourcesBuildPhase section */

/* Begin PBXShellScriptBuildPhase section */
		033D12D754110455ABDD5F9B /* [CP] Embed Pods Frameworks */ = {
			isa = PBXShellScriptBuildPhase;
			buildActionMask = 2147483647;
			files = (
			);
			inputFileListPaths = (
				"${PODS_ROOT}/Target Support Files/Pods-cine-explorer-tests/Pods-cine-explorer-tests-frameworks-${CONFIGURATION}-input-files.xcfilelist",
			);
			name = "[CP] Embed Pods Frameworks";
			outputFileListPaths = (
				"${PODS_ROOT}/Target Support Files/Pods-cine-explorer-tests/Pods-cine-explorer-tests-frameworks-${CONFIGURATION}-output-files.xcfilelist",
			);
			runOnlyForDeploymentPostprocessing = 0;
			shellPath = /bin/sh;
			shellScript = "\"${PODS_ROOT}/Target Support Files/Pods-cine-explorer-tests/Pods-cine-explorer-tests-frameworks.sh\"\n";
			showEnvVarsInLog = 0;
		};
		3ACB4BB89EA624BDEFF40D23 /* [CP] Check Pods Manifest.lock */ = {
			isa = PBXShellScriptBuildPhase;
			buildActionMask = 2147483647;
			files = (
			);
			inputFileListPaths = (
			);
			inputPaths = (
				"${PODS_PODFILE_DIR_PATH}/Podfile.lock",
				"${PODS_ROOT}/Manifest.lock",
			);
			name = "[CP] Check Pods Manifest.lock";
			outputFileListPaths = (
			);
			outputPaths = (
				"$(DERIVED_FILE_DIR)/Pods-cine-explorer-checkManifestLockResult.txt",
			);
			runOnlyForDeploymentPostprocessing = 0;
			shellPath = /bin/sh;
			shellScript = "diff \"${PODS_PODFILE_DIR_PATH}/Podfile.lock\" \"${PODS_ROOT}/Manifest.lock\" > /dev/null\nif [ $? != 0 ] ; then\n    # print error to STDERR\n    echo \"error: The sandbox is not in sync with the Podfile.lock. Run 'pod install' or update your CocoaPods installation.\" >&2\n    exit 1\nfi\n# This output is used by Xcode 'outputs' to avoid re-running this script phase.\necho \"SUCCESS\" > \"${SCRIPT_OUTPUT_FILE_0}\"\n";
			showEnvVarsInLog = 0;
		};
		70ED4B9AA0F1AC4BBCDBE1A7 /* [CP] Embed Pods Frameworks */ = {
			isa = PBXShellScriptBuildPhase;
			buildActionMask = 2147483647;
			files = (
			);
			inputFileListPaths = (
				"${PODS_ROOT}/Target Support Files/Pods-cine-explorer/Pods-cine-explorer-frameworks-${CONFIGURATION}-input-files.xcfilelist",
			);
			name = "[CP] Embed Pods Frameworks";
			outputFileListPaths = (
				"${PODS_ROOT}/Target Support Files/Pods-cine-explorer/Pods-cine-explorer-frameworks-${CONFIGURATION}-output-files.xcfilelist",
			);
			runOnlyForDeploymentPostprocessing = 0;
			shellPath = /bin/sh;
			shellScript = "\"${PODS_ROOT}/Target Support Files/Pods-cine-explorer/Pods-cine-explorer-frameworks.sh\"\n";
			showEnvVarsInLog = 0;
		};
		887910183FA256EB32EDF3E2 /* [CP] Check Pods Manifest.lock */ = {
			isa = PBXShellScriptBuildPhase;
			buildActionMask = 2147483647;
			files = (
			);
			inputFileListPaths = (
			);
			inputPaths = (
				"${PODS_PODFILE_DIR_PATH}/Podfile.lock",
				"${PODS_ROOT}/Manifest.lock",
			);
			name = "[CP] Check Pods Manifest.lock";
			outputFileListPaths = (
			);
			outputPaths = (
				"$(DERIVED_FILE_DIR)/Pods-cine-explorer-tests-checkManifestLockResult.txt",
			);
			runOnlyForDeploymentPostprocessing = 0;
			shellPath = /bin/sh;
			shellScript = "diff \"${PODS_PODFILE_DIR_PATH}/Podfile.lock\" \"${PODS_ROOT}/Manifest.lock\" > /dev/null\nif [ $? != 0 ] ; then\n    # print error to STDERR\n    echo \"error: The sandbox is not in sync with the Podfile.lock. Run 'pod install' or update your CocoaPods installation.\" >&2\n    exit 1\nfi\n# This output is used by Xcode 'outputs' to avoid re-running this script phase.\necho \"SUCCESS\" > \"${SCRIPT_OUTPUT_FILE_0}\"\n";
			showEnvVarsInLog = 0;
		};
/* End PBXShellScriptBuildPhase section */

/* Begin PBXSourcesBuildPhase section */
		6F88DE89FAB5486BB8057E6B /* Sources */ = {
			isa = PBXSourcesBuildPhase;
			buildActionMask = 2147483647;
			files = (
				FA6BE86D6DAC134694F09521 /* AppDelegate.swift in Sources */,
				35EBBD4D0EEB964CCDF68DC6 /* Constants.swift in Sources */,
				EC6CAF105DDD8516D7C7FAB7 /* Coordinator.swift in Sources */,
				6CB7949B0F8CE0592F0AF696 /* DetailsInfoView.swift in Sources */,
				0D6903B8E8F284AB7F77A7F4 /* DetailsViewController.swift in Sources */,
				18598A63A5E960E873FCECCE /* DetailsViewModel.swift in Sources */,
				F0377615D93BEF4BDF232F50 /* FavoritesModel.swift in Sources */,
				08A1B40BD987A8D1CA4C1A84 /* FavoritesService.swift in Sources */,
				0D16DC9D35B16856C2D3968E /* FavoritesViewController.swift in Sources */,
				8DF911CA809827848211347C /* FavoritesViewModel.swift in Sources */,
				DCD00AC4FB9E28526EC7780D /* FilmCell.swift in Sources */,
				A5D4FE71A536A4A90B36A29B /* FilmServiceError.swift in Sources */,
				983DFB62C68741AB5047F050 /* HeaderView.swift in Sources */,
				3AACED8DDED6313BF08A8A81 /* HomeViewController.swift in Sources */,
				5027974795378A838921BACA /* HomeViewModel.swift in Sources */,
				4B567BB0AC8B8F970083240E /* MediaService.swift in Sources */,
				AF4CD5DDF78452EA1F0EFE79 /* Models.swift in Sources */,
				4CBED89FB5773CCFBD866D76 /* RelatedFilmsView.swift in Sources */,
				CE88330718F70E4126C380E2 /* SkeletonFilmCell.swift in Sources */,
				6054B9A95F24A4676D609071 /* TrailerManager.swift in Sources */,
				E23D3A007BED0E47B6449ACE /* TrailerViewController.swift in Sources */,
				3BEC208834445F8F7347750C /* UIColor+Extensions.swift in Sources */,
				B0410BB7D9ABCA0A3521A93D /* UIImage+Extensions.swift in Sources */,
			);
			runOnlyForDeploymentPostprocessing = 0;
		};
		DB24F77B687741361D6E2787 /* Sources */ = {
			isa = PBXSourcesBuildPhase;
			buildActionMask = 2147483647;
			files = (
				F22BA16AE6F7B3334A157801 /* CoordinatorMock.swift in Sources */,
				7B58378A1993713FA82DABE3 /* DetailViewControllerSnapshotTests.swift in Sources */,
				FE22522554A39C552A331BAB /* DetailsViewModelTests.swift in Sources */,
				24349C11C3EF156B7F1B706D /* FavoritesServiceMock.swift in Sources */,
				C2D779B79F674F20FBFE41B7 /* FavoritesViewControllerSnapshotTests.swift in Sources */,
				4AD501A5A5B0888DD2B0E909 /* FavoritesViewModelTests.swift in Sources */,
				BF50C58F5F2E241149C7A9ED /* HomeViewControllerSnapshotTests.swift in Sources */,
				265BA20F005A6152B4FED35B /* HomeViewModelMock.swift in Sources */,
				5D743CBF8BEF08C3DFC2D348 /* HomeViewModelTests.swift in Sources */,
				60F5A4B6E27C58A198464A3A /* MediaServiceMock.swift in Sources */,
			);
			runOnlyForDeploymentPostprocessing = 0;
		};
/* End PBXSourcesBuildPhase section */

/* Begin PBXTargetDependency section */
		B836DAC8DB56142929E3AE8D /* PBXTargetDependency */ = {
			isa = PBXTargetDependency;
			target = 5E28C2CF9BEB97D6510EF4E0 /* cine-explorer */;
			targetProxy = D90DBC430653FE68F805A7A0 /* PBXContainerItemProxy */;
		};
/* End PBXTargetDependency section */

/* Begin XCBuildConfiguration section */
		3CFE254AD8C75D3E1C33BB9B /* Release */ = {
			isa = XCBuildConfiguration;
			baseConfigurationReference = 019A8560EA3F30E111C467CB /* Pods-cine-explorer-tests.release.xcconfig */;
			buildSettings = {
				BUNDLE_LOADER = "$(TEST_HOST)";
				INFOPLIST_FILE = "Sources/cine-explorer-tests/Info.plist";
				LD_RUNPATH_SEARCH_PATHS = (
					"$(inherited)",
					"@executable_path/Frameworks",
					"@loader_path/Frameworks",
				);
				PRODUCT_BUNDLE_IDENTIFIER = "com.example.cine-explorer-tests";
				SDKROOT = iphoneos;
				TARGETED_DEVICE_FAMILY = "1,2";
				TEST_HOST = "$(BUILT_PRODUCTS_DIR)/cine-explorer.app/cine-explorer";
			};
			name = Release;
		};
		82A79F960FB87FA193CBAF4B /* Debug */ = {
			isa = XCBuildConfiguration;
			buildSettings = {
				ALWAYS_SEARCH_USER_PATHS = NO;
				CLANG_ANALYZER_NONNULL = YES;
				CLANG_ANALYZER_NUMBER_OBJECT_CONVERSION = YES_AGGRESSIVE;
				CLANG_CXX_LANGUAGE_STANDARD = "gnu++14";
				CLANG_CXX_LIBRARY = "libc++";
				CLANG_ENABLE_MODULES = YES;
				CLANG_ENABLE_OBJC_ARC = YES;
				CLANG_ENABLE_OBJC_WEAK = YES;
				CLANG_WARN_BLOCK_CAPTURE_AUTORELEASING = YES;
				CLANG_WARN_BOOL_CONVERSION = YES;
				CLANG_WARN_COMMA = YES;
				CLANG_WARN_CONSTANT_CONVERSION = YES;
				CLANG_WARN_DEPRECATED_OBJC_IMPLEMENTATIONS = YES;
				CLANG_WARN_DIRECT_OBJC_ISA_USAGE = YES_ERROR;
				CLANG_WARN_DOCUMENTATION_COMMENTS = YES;
				CLANG_WARN_EMPTY_BODY = YES;
				CLANG_WARN_ENUM_CONVERSION = YES;
				CLANG_WARN_INFINITE_RECURSION = YES;
				CLANG_WARN_INT_CONVERSION = YES;
				CLANG_WARN_NON_LITERAL_NULL_CONVERSION = YES;
				CLANG_WARN_OBJC_IMPLICIT_RETAIN_SELF = YES;
				CLANG_WARN_OBJC_LITERAL_CONVERSION = YES;
				CLANG_WARN_OBJC_ROOT_CLASS = YES_ERROR;
				CLANG_WARN_QUOTED_INCLUDE_IN_FRAMEWORK_HEADER = YES;
				CLANG_WARN_RANGE_LOOP_ANALYSIS = YES;
				CLANG_WARN_STRICT_PROTOTYPES = YES;
				CLANG_WARN_SUSPICIOUS_MOVE = YES;
				CLANG_WARN_UNGUARDED_AVAILABILITY = YES_AGGRESSIVE;
				CLANG_WARN_UNREACHABLE_CODE = YES;
				CLANG_WARN__DUPLICATE_METHOD_MATCH = YES;
				COPY_PHASE_STRIP = NO;
				DEBUG_INFORMATION_FORMAT = dwarf;
				ENABLE_STRICT_OBJC_MSGSEND = YES;
				ENABLE_TESTABILITY = YES;
				GCC_C_LANGUAGE_STANDARD = gnu11;
				GCC_DYNAMIC_NO_PIC = NO;
				GCC_NO_COMMON_BLOCKS = YES;
				GCC_OPTIMIZATION_LEVEL = 0;
				GCC_PREPROCESSOR_DEFINITIONS = (
					"$(inherited)",
					"DEBUG=1",
				);
				GCC_WARN_64_TO_32_BIT_CONVERSION = YES;
				GCC_WARN_ABOUT_RETURN_TYPE = YES_ERROR;
				GCC_WARN_UNDECLARED_SELECTOR = YES;
				GCC_WARN_UNINITIALIZED_AUTOS = YES_AGGRESSIVE;
				GCC_WARN_UNUSED_FUNCTION = YES;
				GCC_WARN_UNUSED_VARIABLE = YES;
				IPHONEOS_DEPLOYMENT_TARGET = 15.0;
				MTL_ENABLE_DEBUG_INFO = INCLUDE_SOURCE;
				MTL_FAST_MATH = YES;
				ONLY_ACTIVE_ARCH = YES;
				PRODUCT_NAME = "$(TARGET_NAME)";
				SDKROOT = iphoneos;
				SWIFT_ACTIVE_COMPILATION_CONDITIONS = DEBUG;
				SWIFT_OPTIMIZATION_LEVEL = "-Onone";
				SWIFT_VERSION = 5.5;
			};
			name = Debug;
		};
		A240437D7797C0F2E2164151 /* Release */ = {
			isa = XCBuildConfiguration;
			baseConfigurationReference = D03B905A9438E5471D03173C /* Pods-cine-explorer.release.xcconfig */;
			buildSettings = {
				ASSETCATALOG_COMPILER_APPICON_NAME = AppIcon;
				CODE_SIGN_IDENTITY = "iPhone Developer";
				ENABLE_USER_SCRIPT_SANDBOXING = NO;
				INFOPLIST_FILE = "Sources/cine-explorer/Info.plist";
				LD_RUNPATH_SEARCH_PATHS = (
					"$(inherited)",
					"@executable_path/Frameworks",
				);
				PRODUCT_BUNDLE_IDENTIFIER = "com.example.cine-explorer";
				SDKROOT = iphoneos;
				TARGETED_DEVICE_FAMILY = "1,2";
				UILaunchStoryboardName = LaunchScreen;
			};
			name = Release;
		};
		B3E44F80735972A385814A26 /* Debug */ = {
			isa = XCBuildConfiguration;
			baseConfigurationReference = C1A7225855C01EF93025A49B /* Pods-cine-explorer.debug.xcconfig */;
			buildSettings = {
				ASSETCATALOG_COMPILER_APPICON_NAME = AppIcon;
				CODE_SIGN_IDENTITY = "iPhone Developer";
				ENABLE_USER_SCRIPT_SANDBOXING = NO;
				INFOPLIST_FILE = "Sources/cine-explorer/Info.plist";
				LD_RUNPATH_SEARCH_PATHS = (
					"$(inherited)",
					"@executable_path/Frameworks",
				);
				PRODUCT_BUNDLE_IDENTIFIER = "com.example.cine-explorer";
				SDKROOT = iphoneos;
				TARGETED_DEVICE_FAMILY = "1,2";
				UILaunchStoryboardName = LaunchScreen;
			};
			name = Debug;
		};
		F41B6F77A8488D891C9E91D5 /* Debug */ = {
			isa = XCBuildConfiguration;
			baseConfigurationReference = 478547C465841DD6D0888772 /* Pods-cine-explorer-tests.debug.xcconfig */;
			buildSettings = {
				BUNDLE_LOADER = "$(TEST_HOST)";
				INFOPLIST_FILE = "Sources/cine-explorer-tests/Info.plist";
				LD_RUNPATH_SEARCH_PATHS = (
					"$(inherited)",
					"@executable_path/Frameworks",
					"@loader_path/Frameworks",
				);
				PRODUCT_BUNDLE_IDENTIFIER = "com.example.cine-explorer-tests";
				SDKROOT = iphoneos;
				TARGETED_DEVICE_FAMILY = "1,2";
				TEST_HOST = "$(BUILT_PRODUCTS_DIR)/cine-explorer.app/cine-explorer";
			};
			name = Debug;
		};
		F56B2C2711A5D7B8B7C6AAC7 /* Release */ = {
			isa = XCBuildConfiguration;
			buildSettings = {
				ALWAYS_SEARCH_USER_PATHS = NO;
				CLANG_ANALYZER_NONNULL = YES;
				CLANG_ANALYZER_NUMBER_OBJECT_CONVERSION = YES_AGGRESSIVE;
				CLANG_CXX_LANGUAGE_STANDARD = "gnu++14";
				CLANG_CXX_LIBRARY = "libc++";
				CLANG_ENABLE_MODULES = YES;
				CLANG_ENABLE_OBJC_ARC = YES;
				CLANG_ENABLE_OBJC_WEAK = YES;
				CLANG_WARN_BLOCK_CAPTURE_AUTORELEASING = YES;
				CLANG_WARN_BOOL_CONVERSION = YES;
				CLANG_WARN_COMMA = YES;
				CLANG_WARN_CONSTANT_CONVERSION = YES;
				CLANG_WARN_DEPRECATED_OBJC_IMPLEMENTATIONS = YES;
				CLANG_WARN_DIRECT_OBJC_ISA_USAGE = YES_ERROR;
				CLANG_WARN_DOCUMENTATION_COMMENTS = YES;
				CLANG_WARN_EMPTY_BODY = YES;
				CLANG_WARN_ENUM_CONVERSION = YES;
				CLANG_WARN_INFINITE_RECURSION = YES;
				CLANG_WARN_INT_CONVERSION = YES;
				CLANG_WARN_NON_LITERAL_NULL_CONVERSION = YES;
				CLANG_WARN_OBJC_IMPLICIT_RETAIN_SELF = YES;
				CLANG_WARN_OBJC_LITERAL_CONVERSION = YES;
				CLANG_WARN_OBJC_ROOT_CLASS = YES_ERROR;
				CLANG_WARN_QUOTED_INCLUDE_IN_FRAMEWORK_HEADER = YES;
				CLANG_WARN_RANGE_LOOP_ANALYSIS = YES;
				CLANG_WARN_STRICT_PROTOTYPES = YES;
				CLANG_WARN_SUSPICIOUS_MOVE = YES;
				CLANG_WARN_UNGUARDED_AVAILABILITY = YES_AGGRESSIVE;
				CLANG_WARN_UNREACHABLE_CODE = YES;
				CLANG_WARN__DUPLICATE_METHOD_MATCH = YES;
				COPY_PHASE_STRIP = NO;
				DEBUG_INFORMATION_FORMAT = "dwarf-with-dsym";
				ENABLE_NS_ASSERTIONS = NO;
				ENABLE_STRICT_OBJC_MSGSEND = YES;
				GCC_C_LANGUAGE_STANDARD = gnu11;
				GCC_NO_COMMON_BLOCKS = YES;
				GCC_WARN_64_TO_32_BIT_CONVERSION = YES;
				GCC_WARN_ABOUT_RETURN_TYPE = YES_ERROR;
				GCC_WARN_UNDECLARED_SELECTOR = YES;
				GCC_WARN_UNINITIALIZED_AUTOS = YES_AGGRESSIVE;
				GCC_WARN_UNUSED_FUNCTION = YES;
				GCC_WARN_UNUSED_VARIABLE = YES;
				IPHONEOS_DEPLOYMENT_TARGET = 15.0;
				MTL_ENABLE_DEBUG_INFO = NO;
				MTL_FAST_MATH = YES;
				PRODUCT_NAME = "$(TARGET_NAME)";
				SDKROOT = iphoneos;
				SWIFT_COMPILATION_MODE = wholemodule;
				SWIFT_OPTIMIZATION_LEVEL = "-O";
				SWIFT_VERSION = 5.5;
			};
			name = Release;
		};
/* End XCBuildConfiguration section */

/* Begin XCConfigurationList section */
		1A398290418901848BD413C1 /* Build configuration list for PBXNativeTarget "cine-explorer-tests" */ = {
			isa = XCConfigurationList;
			buildConfigurations = (
				F41B6F77A8488D891C9E91D5 /* Debug */,
				3CFE254AD8C75D3E1C33BB9B /* Release */,
			);
			defaultConfigurationIsVisible = 0;
			defaultConfigurationName = Debug;
		};
		AB6991CC68F4086163E12AFC /* Build configuration list for PBXProject "cine-explorer" */ = {
			isa = XCConfigurationList;
			buildConfigurations = (
				82A79F960FB87FA193CBAF4B /* Debug */,
				F56B2C2711A5D7B8B7C6AAC7 /* Release */,
			);
			defaultConfigurationIsVisible = 0;
			defaultConfigurationName = Debug;
		};
		E4F9D06173ED89B0B6DE2F17 /* Build configuration list for PBXNativeTarget "cine-explorer" */ = {
			isa = XCConfigurationList;
			buildConfigurations = (
				B3E44F80735972A385814A26 /* Debug */,
				A240437D7797C0F2E2164151 /* Release */,
			);
			defaultConfigurationIsVisible = 0;
			defaultConfigurationName = Debug;
		};
/* End XCConfigurationList section */
	};
	rootObject = 4CCABAC64DCDE0CBC15215D2 /* Project object */;
}
